Microsoft Visual Studio Solution File, Format Version 12.00
# Visual Studio Version 17
VisualStudioVersion = 17.8.34309.116
MinimumVisualStudioVersion = 10.0.40219.1

Project("{FAE04EC0-301F-11D3-BF4B-00C04F79EFBC}") = "ONBOXApp", "ONBOXApp\ONBOXApp.csproj", "{59DC5911-8879-4F59-86E0-7499B48BB7A5}"
EndProject
Project("{FAE04EC0-301F-11D3-BF4B-00C04F79EFBC}") = "CanvasTests", "CanvasTests\CanvasTests.csproj", "{C60EF26F-9E50-4751-8D9C-9D067CEA8F18}"
EndProject

Global
	GlobalSection(SolutionConfigurationPlatforms) = preSolution
		Debug|x64 = Debug|x64
		Debug One|x64 = Debug One|x64
		Release|x64 = Release|x64
	EndGlobalSection

	GlobalSection(ProjectConfigurationPlatforms) = postSolution
		{59DC5911-8879-4F59-86E0-7499B48BB7A5}.Debug|x64.ActiveCfg = Debug|x64
		{59DC5911-8879-4F59-86E0-7499B48BB7A5}.Debug|x64.Build.0 = Debug|x64
		{59DC5911-8879-4F59-86E0-7499B48BB7A5}.Debug One|x64.ActiveCfg = Debug One|x64
		{59DC5911-8879-4F59-86E0-7499B48BB7A5}.Debug One|x64.Build.0 = Debug One|x64
		{59DC5911-8879-4F59-86E0-7499B48BB7A5}.Release|x64.ActiveCfg = Release|x64
		{59DC5911-8879-4F59-86E0-7499B48BB7A5}.Release|x64.Build.0 = Release|x64

		{C60EF26F-9E50-4751-8D9C-9D067CEA8F18}.Debug|x64.ActiveCfg = Debug|x64
		{C60EF26F-9E50-4751-8D9C-9D067CEA8F18}.Debug|x64.Build.0 = Debug|x64
		{C60EF26F-9E50-4751-8D9C-9D067CEA8F18}.Debug One|x64.ActiveCfg = Debug|x64
		{C60EF26F-9E50-4751-8D9C-9D067CEA8F18}.Debug One|x64.Build.0 = Debug|x64
		{C60EF26F-9E50-4751-8D9C-9D067CEA8F18}.Release|x64.ActiveCfg = Release|x64
		{C60EF26F-9E50-4751-8D9C-9D067CEA8F18}.Release|x64.Build.0 = Release|x64
	EndGlobalSection

	GlobalSection(SolutionProperties) = preSolution
		HideSolutionNode = FALSE
	EndGlobalSection

	GlobalSection(ExtensibilityGlobals) = postSolution
		SolutionGuid = {050416B8-001C-4CA7-A170-C073760362D7}
	EndGlobalSection
EndGlobal
